
Microsoft Visual Studio Solution File, Format Version 12.00
# Visual Studio Version 16
VisualStudioVersion = 16.0.28803.352
MinimumVisualStudioVersion = 10.0.40219.1
Project("{9A19103F-16F7-4668-BE54-9A1E7A4F7556}") = "RadiosondeSoundingsLab", "RadiosondeSoundingsLab\RadiosondeSoundingsLab.csproj", "{5FF1A8CA-C1FE-4286-BB85-2C709038B2DF}"
EndProject
Project("{9A19103F-16F7-4668-BE54-9A1E7A4F7556}") = "RadiosondeDataDefinitions", "RadiosondeDataDefinitions\RadiosondeDataDefinitions.csproj", "{7639A827-C3A1-4E48-8750-225AB8F8EEBE}"
EndProject
Project("{9A19103F-16F7-4668-BE54-9A1E7A4F7556}") = "RadiosondeDataCollector", "RadiosondeDataCollector\RadiosondeDataCollector.csproj", "{62F9E39B-254B-445E-BEC7-CB1AC77F630C}"
EndProject
Global
	GlobalSection(SolutionConfigurationPlatforms) = preSolution
		Debug|Any CPU = Debug|Any CPU
		Release|Any CPU = Release|Any CPU
	EndGlobalSection
	GlobalSection(ProjectConfigurationPlatforms) = postSolution
		{5FF1A8CA-C1FE-4286-BB85-2C709038B2DF}.Debug|Any CPU.ActiveCfg = Debug|Any CPU
		{5FF1A8CA-C1FE-4286-BB85-2C709038B2DF}.Debug|Any CPU.Build.0 = Debug|Any CPU
		{5FF1A8CA-C1FE-4286-BB85-2C709038B2DF}.Release|Any CPU.ActiveCfg = Release|Any CPU
		{5FF1A8CA-C1FE-4286-BB85-2C709038B2DF}.Release|Any CPU.Build.0 = Release|Any CPU
		{7639A827-C3A1-4E48-8750-225AB8F8EEBE}.Debug|Any CPU.ActiveCfg = Debug|Any CPU
		{7639A827-C3A1-4E48-8750-225AB8F8EEBE}.Debug|Any CPU.Build.0 = Debug|Any CPU
		{7639A827-C3A1-4E48-8750-225AB8F8EEBE}.Release|Any CPU.ActiveCfg = Release|Any CPU
		{7639A827-C3A1-4E48-8750-225AB8F8EEBE}.Release|Any CPU.Build.0 = Release|Any CPU
		{62F9E39B-254B-445E-BEC7-CB1AC77F630C}.Debug|Any CPU.ActiveCfg = Debug|Any CPU
		{62F9E39B-254B-445E-BEC7-CB1AC77F630C}.Debug|Any CPU.Build.0 = Debug|Any CPU
		{62F9E39B-254B-445E-BEC7-CB1AC77F630C}.Release|Any CPU.ActiveCfg = Release|Any CPU
		{62F9E39B-254B-445E-BEC7-CB1AC77F630C}.Release|Any CPU.Build.0 = Release|Any CPU
	EndGlobalSection
	GlobalSection(SolutionProperties) = preSolution
		HideSolutionNode = FALSE
	EndGlobalSection
	GlobalSection(ExtensibilityGlobals) = postSolution
		SolutionGuid = {0A7BF41B-EA1C-48E6-B032-4DCF7EA7ACDC}
	EndGlobalSection
EndGlobal
